// !$*UTF8*$!
{
	archiveVersion = 1;
	classes = {
	};
	objectVersion = 55;
	objects = {

/* Begin PBXBuildFile section */
		EE94E5BB274FF44200C64E33 /* StocksChatAppApp.swift in Sources */ = {isa = PBXBuildFile; fileRef = EE94E5BA274FF44200C64E33 /* StocksChatAppApp.swift */; };
		EE94E5BD274FF44200C64E33 /* ContentView.swift in Sources */ = {isa = PBXBuildFile; fileRef = EE94E5BC274FF44200C64E33 /* ContentView.swift */; };
		EE94E5BF274FF44400C64E33 /* Assets.xcassets in Resources */ = {isa = PBXBuildFile; fileRef = EE94E5BE274FF44400C64E33 /* Assets.xcassets */; };
		EE94E5C2274FF44400C64E33 /* Preview Assets.xcassets in Resources */ = {isa = PBXBuildFile; fileRef = EE94E5C1274FF44400C64E33 /* Preview Assets.xcassets */; };
		EE94E5C9274FF52100C64E33 /* FetchDataStocks.swift in Sources */ = {isa = PBXBuildFile; fileRef = EE94E5C8274FF52100C64E33 /* FetchDataStocks.swift */; };
		EE94E5CB275013DE00C64E33 /* TickerData.swift in Sources */ = {isa = PBXBuildFile; fileRef = EE94E5CA275013DE00C64E33 /* TickerData.swift */; };
		EE94E5EF2750CAC200C64E33 /* Extensions.swift in Sources */ = {isa = PBXBuildFile; fileRef = EE94E5EE2750CAC200C64E33 /* Extensions.swift */; };
		EE94E5F12750CBBC00C64E33 /* TickerMiniView.swift in Sources */ = {isa = PBXBuildFile; fileRef = EE94E5F02750CBBC00C64E33 /* TickerMiniView.swift */; };
		EE9C99B32750E27100B21ED8 /* TickerInfoView.swift in Sources */ = {isa = PBXBuildFile; fileRef = EE9C99B22750E27100B21ED8 /* TickerInfoView.swift */; };
/* End PBXBuildFile section */

/* Begin PBXFileReference section */
		EE94E5B7274FF44200C64E33 /* StocksChatApp.app */ = {isa = PBXFileReference; explicitFileType = wrapper.application; includeInIndex = 0; path = StocksChatApp.app; sourceTree = BUILT_PRODUCTS_DIR; };
		EE94E5BA274FF44200C64E33 /* StocksChatAppApp.swift */ = {isa = PBXFileReference; lastKnownFileType = sourcecode.swift; path = StocksChatAppApp.swift; sourceTree = "<group>"; };
		EE94E5BC274FF44200C64E33 /* ContentView.swift */ = {isa = PBXFileReference; lastKnownFileType = sourcecode.swift; path = ContentView.swift; sourceTree = "<group>"; };
		EE94E5BE274FF44400C64E33 /* Assets.xcassets */ = {isa = PBXFileReference; lastKnownFileType = folder.assetcatalog; path = Assets.xcassets; sourceTree = "<group>"; };
		EE94E5C1274FF44400C64E33 /* Preview Assets.xcassets */ = {isa = PBXFileReference; lastKnownFileType = folder.assetcatalog; path = "Preview Assets.xcassets"; sourceTree = "<group>"; };
		EE94E5C8274FF52100C64E33 /* FetchDataStocks.swift */ = {isa = PBXFileReference; lastKnownFileType = sourcecode.swift; path = FetchDataStocks.swift; sourceTree = "<group>"; };
		EE94E5CA275013DE00C64E33 /* TickerData.swift */ = {isa = PBXFileReference; lastKnownFileType = sourcecode.swift; path = TickerData.swift; sourceTree = "<group>"; };
		EE94E5EE2750CAC200C64E33 /* Extensions.swift */ = {isa = PBXFileReference; lastKnownFileType = sourcecode.swift; path = Extensions.swift; sourceTree = "<group>"; };
		EE94E5F02750CBBC00C64E33 /* TickerMiniView.swift */ = {isa = PBXFileReference; lastKnownFileType = sourcecode.swift; path = TickerMiniView.swift; sourceTree = "<group>"; };
		EE9C99B22750E27100B21ED8 /* TickerInfoView.swift */ = {isa = PBXFileReference; lastKnownFileType = sourcecode.swift; path = TickerInfoView.swift; sourceTree = "<group>"; };
/* End PBXFileReference section */

/* Begin PBXFrameworksBuildPhase section */
		EE94E5B4274FF44200C64E33 /* Frameworks */ = {
			isa = PBXFrameworksBuildPhase;
			buildActionMask = 2147483647;
			files = (
			);
			runOnlyForDeploymentPostprocessing = 0;
		};
/* End PBXFrameworksBuildPhase section */

/* Begin PBXGroup section */
		EE94E5AE274FF44200C64E33 = {
			isa = PBXGroup;
			children = (
				EE94E5B9274FF44200C64E33 /* StocksChatApp */,
				EE94E5B8274FF44200C64E33 /* Products */,
			);
			sourceTree = "<group>";
		};
		EE94E5B8274FF44200C64E33 /* Products */ = {
			isa = PBXGroup;
			children = (
				EE94E5B7274FF44200C64E33 /* StocksChatApp.app */,
			);
			name = Products;
			sourceTree = "<group>";
		};
		EE94E5B9274FF44200C64E33 /* StocksChatApp */ = {
			isa = PBXGroup;
			children = (
				EE94E5BA274FF44200C64E33 /* StocksChatAppApp.swift */,
				EE94E5BC274FF44200C64E33 /* ContentView.swift */,
				EE94E5F02750CBBC00C64E33 /* TickerMiniView.swift */,
				EE9C99B22750E27100B21ED8 /* TickerInfoView.swift */,
				EE94E5C8274FF52100C64E33 /* FetchDataStocks.swift */,
				EE94E5EE2750CAC200C64E33 /* Extensions.swift */,
				EE94E5CA275013DE00C64E33 /* TickerData.swift */,
				EE94E5BE274FF44400C64E33 /* Assets.xcassets */,
				EE94E5C0274FF44400C64E33 /* Preview Content */,
			);
			path = StocksChatApp;
			sourceTree = "<group>";
		};
		EE94E5C0274FF44400C64E33 /* Preview Content */ = {
			isa = PBXGroup;
			children = (
				EE94E5C1274FF44400C64E33 /* Preview Assets.xcassets */,
			);
			path = "Preview Content";
			sourceTree = "<group>";
		};
/* End PBXGroup section */

/* Begin PBXNativeTarget section */
		EE94E5B6274FF44200C64E33 /* StocksChatApp */ = {
			isa = PBXNativeTarget;
			buildConfigurationList = EE94E5C5274FF44400C64E33 /* Build configuration list for PBXNativeTarget "StocksChatApp" */;
			buildPhases = (
				EE94E5B3274FF44200C64E33 /* Sources */,
				EE94E5B4274FF44200C64E33 /* Frameworks */,
				EE94E5B5274FF44200C64E33 /* Resources */,
			);
			buildRules = (
			);
			dependencies = (
			);
			name = StocksChatApp;
			productName = StocksChatApp;
			productReference = EE94E5B7274FF44200C64E33 /* StocksChatApp.app */;
			productType = "com.apple.product-type.application";
		};
/* End PBXNativeTarget section */

/* Begin PBXProject section */
		EE94E5AF274FF44200C64E33 /* Project object */ = {
			isa = PBXProject;
			attributes = {
				BuildIndependentTargetsInParallel = 1;
				LastSwiftUpdateCheck = 1310;
				LastUpgradeCheck = 1310;
				TargetAttributes = {
					EE94E5B6274FF44200C64E33 = {
						CreatedOnToolsVersion = 13.1;
					};
				};
			};
			buildConfigurationList = EE94E5B2274FF44200C64E33 /* Build configuration list for PBXProject "StocksChatApp" */;
			compatibilityVersion = "Xcode 13.0";
			developmentRegion = en;
			hasScannedForEncodings = 0;
			knownRegions = (
				en,
				Base,
			);
			mainGroup = EE94E5AE274FF44200C64E33;
			productRefGroup = EE94E5B8274FF44200C64E33 /* Products */;
			projectDirPath = "";
			projectRoot = "";
			targets = (
				EE94E5B6274FF44200C64E33 /* StocksChatApp */,
			);
		};
/* End PBXProject section */

/* Begin PBXResourcesBuildPhase section */
		EE94E5B5274FF44200C64E33 /* Resources */ = {
			isa = PBXResourcesBuildPhase;
			buildActionMask = 2147483647;
			files = (
				EE94E5C2274FF44400C64E33 /* Preview Assets.xcassets in Resources */,
				EE94E5BF274FF44400C64E33 /* Assets.xcassets in Resources */,
			);
			runOnlyForDeploymentPostprocessing = 0;
		};
/* End PBXResourcesBuildPhase section */

/* Begin PBXSourcesBuildPhase section */
		EE94E5B3274FF44200C64E33 /* Sources */ = {
			isa = PBXSourcesBuildPhase;
			buildActionMask = 2147483647;
			files = (
				EE94E5EF2750CAC200C64E33 /* Extensions.swift in Sources */,
				EE94E5F12750CBBC00C64E33 /* TickerMiniView.swift in Sources */,
				EE94E5C9274FF52100C64E33 /* FetchDataStocks.swift in Sources */,
				EE9C99B32750E27100B21ED8 /* TickerInfoView.swift in Sources */,
				EE94E5BD274FF44200C64E33 /* ContentView.swift in Sources */,
				EE94E5BB274FF44200C64E33 /* StocksChatAppApp.swift in Sources */,
				EE94E5CB275013DE00C64E33 /* TickerData.swift in Sources */,
			);
			runOnlyForDeploymentPostprocessing = 0;
		};
/* End PBXSourcesBuildPhase section */

/* Begin XCBuildConfiguration section */
		EE94E5C3274FF44400C64E33 /* Debug */ = {
			isa = XCBuildConfiguration;
			buildSettings = {
				ALWAYS_SEARCH_USER_PATHS = NO;
				CLANG_ANALYZER_NONNULL = YES;
				CLANG_ANALYZER_NUMBER_OBJECT_CONVERSION = YES_AGGRESSIVE;
				CLANG_CXX_LANGUAGE_STANDARD = "gnu++17";
				CLANG_CXX_LIBRARY = "libc++";
				CLANG_ENABLE_MODULES = YES;
				CLANG_ENABLE_OBJC_ARC = YES;
				CLANG_ENABLE_OBJC_WEAK = YES;
				CLANG_WARN_BLOCK_CAPTURE_AUTORELEASING = YES;
				CLANG_WARN_BOOL_CONVERSION = YES;
				CLANG_WARN_COMMA = YES;
				CLANG_WARN_CONSTANT_CONVERSION = YES;
				CLANG_WARN_DEPRECATED_OBJC_IMPLEMENTATIONS = YES;
				CLANG_WARN_DIRECT_OBJC_ISA_USAGE = YES_ERROR;
				CLANG_WARN_DOCUMENTATION_COMMENTS = YES;
				CLANG_WARN_EMPTY_BODY = YES;
				CLANG_WARN_ENUM_CONVERSION = YES;
				CLANG_WARN_INFINITE_RECURSION = YES;
				CLANG_WARN_INT_CONVERSION = YES;
				CLANG_WARN_NON_LITERAL_NULL_CONVERSION = YES;
				CLANG_WARN_OBJC_IMPLICIT_RETAIN_SELF = YES;
				CLANG_WARN_OBJC_LITERAL_CONVERSION = YES;
				CLANG_WARN_OBJC_ROOT_CLASS = YES_ERROR;
				CLANG_WARN_QUOTED_INCLUDE_IN_FRAMEWORK_HEADER = YES;
				CLANG_WARN_RANGE_LOOP_ANALYSIS = YES;
				CLANG_WARN_STRICT_PROTOTYPES = YES;
				CLANG_WARN_SUSPICIOUS_MOVE = YES;
				CLANG_WARN_UNGUARDED_AVAILABILITY = YES_AGGRESSIVE;
				CLANG_WARN_UNREACHABLE_CODE = YES;
				CLANG_WARN__DUPLICATE_METHOD_MATCH = YES;
				COPY_PHASE_STRIP = NO;
				DEBUG_INFORMATION_FORMAT = dwarf;
				ENABLE_STRICT_OBJC_MSGSEND = YES;
				ENABLE_TESTABILITY = YES;
				GCC_C_LANGUAGE_STANDARD = gnu11;
				GCC_DYNAMIC_NO_PIC = NO;
				GCC_NO_COMMON_BLOCKS = YES;
				GCC_OPTIMIZATION_LEVEL = 0;
				GCC_PREPROCESSOR_DEFINITIONS = (
					"DEBUG=1",
					"$(inherited)",
				);
				GCC_WARN_64_TO_32_BIT_CONVERSION = YES;
				GCC_WARN_ABOUT_RETURN_TYPE = YES_ERROR;
				GCC_WARN_UNDECLARED_SELECTOR = YES;
				GCC_WARN_UNINITIALIZED_AUTOS = YES_AGGRESSIVE;
				GCC_WARN_UNUSED_FUNCTION = YES;
				GCC_WARN_UNUSED_VARIABLE = YES;
				IPHONEOS_DEPLOYMENT_TARGET = 15.0;
				MTL_ENABLE_DEBUG_INFO = INCLUDE_SOURCE;
				MTL_FAST_MATH = YES;
				ONLY_ACTIVE_ARCH = YES;
				SDKROOT = iphoneos;
				SWIFT_ACTIVE_COMPILATION_CONDITIONS = DEBUG;
				SWIFT_OPTIMIZATION_LEVEL = "-Onone";
			};
			name = Debug;
		};
		EE94E5C4274FF44400C64E33 /* Release */ = {
			isa = XCBuildConfiguration;
			buildSettings = {
				ALWAYS_SEARCH_USER_PATHS = NO;
				CLANG_ANALYZER_NONNULL = YES;
				CLANG_ANALYZER_NUMBER_OBJECT_CONVERSION = YES_AGGRESSIVE;
				CLANG_CXX_LANGUAGE_STANDARD = "gnu++17";
				CLANG_CXX_LIBRARY = "libc++";
				CLANG_ENABLE_MODULES = YES;
				CLANG_ENABLE_OBJC_ARC = YES;
				CLANG_ENABLE_OBJC_WEAK = YES;
				CLANG_WARN_BLOCK_CAPTURE_AUTORELEASING = YES;
				CLANG_WARN_BOOL_CONVERSION = YES;
				CLANG_WARN_COMMA = YES;
				CLANG_WARN_CONSTANT_CONVERSION = YES;
				CLANG_WARN_DEPRECATED_OBJC_IMPLEMENTATIONS = YES;
				CLANG_WARN_DIRECT_OBJC_ISA_USAGE = YES_ERROR;
				CLANG_WARN_DOCUMENTATION_COMMENTS = YES;
				CLANG_WARN_EMPTY_BODY = YES;
				CLANG_WARN_ENUM_CONVERSION = YES;
				CLANG_WARN_INFINITE_RECURSION = YES;
				CLANG_WARN_INT_CONVERSION = YES;
				CLANG_WARN_NON_LITERAL_NULL_CONVERSION = YES;
				CLANG_WARN_OBJC_IMPLICIT_RETAIN_SELF = YES;
				CLANG_WARN_OBJC_LITERAL_CONVERSION = YES;
				CLANG_WARN_OBJC_ROOT_CLASS = YES_ERROR;
				CLANG_WARN_QUOTED_INCLUDE_IN_FRAMEWORK_HEADER = YES;
				CLANG_WARN_RANGE_LOOP_ANALYSIS = YES;
				CLANG_WARN_STRICT_PROTOTYPES = YES;
				CLANG_WARN_SUSPICIOUS_MOVE = YES;
				CLANG_WARN_UNGUARDED_AVAILABILITY = YES_AGGRESSIVE;
				CLANG_WARN_UNREACHABLE_CODE = YES;
				CLANG_WARN__DUPLICATE_METHOD_MATCH = YES;
				COPY_PHASE_STRIP = NO;
				DEBUG_INFORMATION_FORMAT = "dwarf-with-dsym";
				ENABLE_NS_ASSERTIONS = NO;
				ENABLE_STRICT_OBJC_MSGSEND = YES;
				GCC_C_LANGUAGE_STANDARD = gnu11;
				GCC_NO_COMMON_BLOCKS = YES;
				GCC_WARN_64_TO_32_BIT_CONVERSION = YES;
				GCC_WARN_ABOUT_RETURN_TYPE = YES_ERROR;
				GCC_WARN_UNDECLARED_SELECTOR = YES;
				GCC_WARN_UNINITIALIZED_AUTOS = YES_AGGRESSIVE;
				GCC_WARN_UNUSED_FUNCTION = YES;
				GCC_WARN_UNUSED_VARIABLE = YES;
				IPHONEOS_DEPLOYMENT_TARGET = 15.0;
				MTL_ENABLE_DEBUG_INFO = NO;
				MTL_FAST_MATH = YES;
				SDKROOT = iphoneos;
				SWIFT_COMPILATION_MODE = wholemodule;
				SWIFT_OPTIMIZATION_LEVEL = "-O";
				VALIDATE_PRODUCT = YES;
			};
			name = Release;
		};
		EE94E5C6274FF44400C64E33 /* Debug */ = {
			isa = XCBuildConfiguration;
			buildSettings = {
				ASSETCATALOG_COMPILER_APPICON_NAME = AppIcon;
				ASSETCATALOG_COMPILER_GLOBAL_ACCENT_COLOR_NAME = AccentColor;
				CODE_SIGN_STYLE = Automatic;
				CURRENT_PROJECT_VERSION = 1;
				DEVELOPMENT_ASSET_PATHS = "\"StocksChatApp/Preview Content\"";
				DEVELOPMENT_TEAM = 9C3YYD2ZUU;
				ENABLE_PREVIEWS = YES;
				GENERATE_INFOPLIST_FILE = YES;
				INFOPLIST_KEY_UIApplicationSceneManifest_Generation = YES;
				INFOPLIST_KEY_UIApplicationSupportsIndirectInputEvents = YES;
				INFOPLIST_KEY_UILaunchScreen_Generation = YES;
				INFOPLIST_KEY_UISupportedInterfaceOrientations_iPad = "UIInterfaceOrientationPortrait UIInterfaceOrientationPortraitUpsideDown UIInterfaceOrientationLandscapeLeft UIInterfaceOrientationLandscapeRight";
				INFOPLIST_KEY_UISupportedInterfaceOrientations_iPhone = "UIInterfaceOrientationPortrait UIInterfaceOrientationLandscapeLeft UIInterfaceOrientationLandscapeRight";
				LD_RUNPATH_SEARCH_PATHS = (
					"$(inherited)",
					"@executable_path/Frameworks",
				);
				MARKETING_VERSION = 1.0;
				PRODUCT_BUNDLE_IDENTIFIER = ZhingelStas.StocksChatApp;
				PRODUCT_NAME = "$(TARGET_NAME)";
				SWIFT_EMIT_LOC_STRINGS = YES;
				SWIFT_VERSION = 5.0;
				TARGETED_DEVICE_FAMILY = "1,2";
			};
			name = Debug;
		};
		EE94E5C7274FF44400C64E33 /* Release */ = {
			isa = XCBuildConfiguration;
			buildSettings = {
				ASSETCATALOG_COMPILER_APPICON_NAME = AppIcon;
				ASSETCATALOG_COMPILER_GLOBAL_ACCENT_COLOR_NAME = AccentColor;
				CODE_SIGN_STYLE = Automatic;
				CURRENT_PROJECT_VERSION = 1;
				DEVELOPMENT_ASSET_PATHS = "\"StocksChatApp/Preview Content\"";
				DEVELOPMENT_TEAM = 9C3YYD2ZUU;
				ENABLE_PREVIEWS = YES;
				GENERATE_INFOPLIST_FILE = YES;
				INFOPLIST_KEY_UIApplicationSceneManifest_Generation = YES;
				INFOPLIST_KEY_UIApplicationSupportsIndirectInputEvents = YES;
				INFOPLIST_KEY_UILaunchScreen_Generation = YES;
				INFOPLIST_KEY_UISupportedInterfaceOrientations_iPad = "UIInterfaceOrientationPortrait UIInterfaceOrientationPortraitUpsideDown UIInterfaceOrientationLandscapeLeft UIInterfaceOrientationLandscapeRight";
				INFOPLIST_KEY_UISupportedInterfaceOrientations_iPhone = "UIInterfaceOrientationPortrait UIInterfaceOrientationLandscapeLeft UIInterfaceOrientationLandscapeRight";
				LD_RUNPATH_SEARCH_PATHS = (
					"$(inherited)",
					"@executable_path/Frameworks",
				);
				MARKETING_VERSION = 1.0;
				PRODUCT_BUNDLE_IDENTIFIER = ZhingelStas.StocksChatApp;
				PRODUCT_NAME = "$(TARGET_NAME)";
				SWIFT_EMIT_LOC_STRINGS = YES;
				SWIFT_VERSION = 5.0;
				TARGETED_DEVICE_FAMILY = "1,2";
			};
			name = Release;
		};
/* End XCBuildConfiguration section */

/* Begin XCConfigurationList section */
		EE94E5B2274FF44200C64E33 /* Build configuration list for PBXProject "StocksChatApp" */ = {
			isa = XCConfigurationList;
			buildConfigurations = (
				EE94E5C3274FF44400C64E33 /* Debug */,
				EE94E5C4274FF44400C64E33 /* Release */,
			);
			defaultConfigurationIsVisible = 0;
			defaultConfigurationName = Release;
		};
		EE94E5C5274FF44400C64E33 /* Build configuration list for PBXNativeTarget "StocksChatApp" */ = {
			isa = XCConfigurationList;
			buildConfigurations = (
				EE94E5C6274FF44400C64E33 /* Debug */,
				EE94E5C7274FF44400C64E33 /* Release */,
			);
			defaultConfigurationIsVisible = 0;
			defaultConfigurationName = Release;
		};
/* End XCConfigurationList section */
	};
	rootObject = EE94E5AF274FF44200C64E33 /* Project object */;
}
